
Microsoft Visual Studio Solution File, Format Version 12.00
# Visual Studio Version 17
VisualStudioVersion = 17.2.32602.215
MinimumVisualStudioVersion = 10.0.40219.1
Project("{FAE04EC0-301F-11D3-BF4B-00C04F79EFBC}") = "BlockBuster", "BlockBuster\BlockBuster.csproj", "{5F649D56-0C7A-4DFA-8D1E-D4F2DF8E8597}"
EndProject
Global
	GlobalSection(SolutionConfigurationPlatforms) = preSolution
		Debug|Any CPU = Debug|Any CPU
		Release|Any CPU = Release|Any CPU
	EndGlobalSection
	GlobalSection(ProjectConfigurationPlatforms) = postSolution
		{5F649D56-0C7A-4DFA-8D1E-D4F2DF8E8597}.Debug|Any CPU.ActiveCfg = Debug|Any CPU
		{5F649D56-0C7A-4DFA-8D1E-D4F2DF8E8597}.Debug|Any CPU.Build.0 = Debug|Any CPU
		{5F649D56-0C7A-4DFA-8D1E-D4F2DF8E8597}.Release|Any CPU.ActiveCfg = Release|Any CPU
		{5F649D56-0C7A-4DFA-8D1E-D4F2DF8E8597}.Release|Any CPU.Build.0 = Release|Any CPU
	EndGlobalSection
	GlobalSection(SolutionProperties) = preSolution
		HideSolutionNode = FALSE
	EndGlobalSection
	GlobalSection(ExtensibilityGlobals) = postSolution
		SolutionGuid = {27567272-24F4-4787-9B19-481FE4B078EB}
	EndGlobalSection
EndGlobal
